
Microsoft Visual Studio Solution File, Format Version 12.00
# Visual Studio Version 17
VisualStudioVersion = 17.4.33213.308
MinimumVisualStudioVersion = 10.0.40219.1
Project("{FAE04EC0-301F-11D3-BF4B-00C04F79EFBC}") = "P330Pronia", "P330Pronia\P330Pronia.csproj", "{4EBE079F-AFE6-483D-9471-192272DD1A10}"
EndProject
Global
	GlobalSection(SolutionConfigurationPlatforms) = preSolution
		Debug|Any CPU = Debug|Any CPU
		Release|Any CPU = Release|Any CPU
	EndGlobalSection
	GlobalSection(ProjectConfigurationPlatforms) = postSolution
		{4EBE079F-AFE6-483D-9471-192272DD1A10}.Debug|Any CPU.ActiveCfg = Debug|Any CPU
		{4EBE079F-AFE6-483D-9471-192272DD1A10}.Debug|Any CPU.Build.0 = Debug|Any CPU
		{4EBE079F-AFE6-483D-9471-192272DD1A10}.Release|Any CPU.ActiveCfg = Release|Any CPU
		{4EBE079F-AFE6-483D-9471-192272DD1A10}.Release|Any CPU.Build.0 = Release|Any CPU
	EndGlobalSection
	GlobalSection(SolutionProperties) = preSolution
		HideSolutionNode = FALSE
	EndGlobalSection
	GlobalSection(ExtensibilityGlobals) = postSolution
		SolutionGuid = {BDF6CB46-A31A-452F-BEEA-6DF5750E1213}
	EndGlobalSection
EndGlobal
